// !$*UTF8*$!
{
	archiveVersion = 1;
	classes = {
	};
	objectVersion = 46;
	objects = {

/* Begin PBXBuildFile section */
		49B307C9199CA00800BE9B52 /* Foundation.framework in Frameworks */ = {isa = PBXBuildFile; fileRef = 49B307C8199CA00800BE9B52 /* Foundation.framework */; };
		49B307CB199CA00800BE9B52 /* CoreGraphics.framework in Frameworks */ = {isa = PBXBuildFile; fileRef = 49B307CA199CA00800BE9B52 /* CoreGraphics.framework */; };
		49B307CD199CA00800BE9B52 /* UIKit.framework in Frameworks */ = {isa = PBXBuildFile; fileRef = 49B307CC199CA00800BE9B52 /* UIKit.framework */; };
		49B307D3199CA00800BE9B52 /* InfoPlist.strings in Resources */ = {isa = PBXBuildFile; fileRef = 49B307D1199CA00800BE9B52 /* InfoPlist.strings */; };
		49B307D5199CA00800BE9B52 /* main.m in Sources */ = {isa = PBXBuildFile; fileRef = 49B307D4199CA00800BE9B52 /* main.m */; };
		49B307D9199CA00800BE9B52 /* LJAppDelegate.m in Sources */ = {isa = PBXBuildFile; fileRef = 49B307D8199CA00800BE9B52 /* LJAppDelegate.m */; };
		49B307DC199CA00800BE9B52 /* Main.storyboard in Resources */ = {isa = PBXBuildFile; fileRef = 49B307DA199CA00800BE9B52 /* Main.storyboard */; };
		49B307DF199CA00800BE9B52 /* LJViewController.m in Sources */ = {isa = PBXBuildFile; fileRef = 49B307DE199CA00800BE9B52 /* LJViewController.m */; };
		49B307E1199CA00800BE9B52 /* Images.xcassets in Resources */ = {isa = PBXBuildFile; fileRef = 49B307E0199CA00800BE9B52 /* Images.xcassets */; };
		49B307E8199CA00800BE9B52 /* XCTest.framework in Frameworks */ = {isa = PBXBuildFile; fileRef = 49B307E7199CA00800BE9B52 /* XCTest.framework */; };
		49B307E9199CA00800BE9B52 /* Foundation.framework in Frameworks */ = {isa = PBXBuildFile; fileRef = 49B307C8199CA00800BE9B52 /* Foundation.framework */; };
		49B307EA199CA00800BE9B52 /* UIKit.framework in Frameworks */ = {isa = PBXBuildFile; fileRef = 49B307CC199CA00800BE9B52 /* UIKit.framework */; };
		49B307F2199CA00800BE9B52 /* InfoPlist.strings in Resources */ = {isa = PBXBuildFile; fileRef = 49B307F0199CA00800BE9B52 /* InfoPlist.strings */; };
		49B307F4199CA00800BE9B52 /* GuessNumberTests.m in Sources */ = {isa = PBXBuildFile; fileRef = 49B307F3199CA00800BE9B52 /* GuessNumberTests.m */; };
/* End PBXBuildFile section */

/* Begin PBXContainerItemProxy section */
		49B307EB199CA00800BE9B52 /* PBXContainerItemProxy */ = {
			isa = PBXContainerItemProxy;
			containerPortal = 49B307BD199CA00800BE9B52 /* Project object */;
			proxyType = 1;
			remoteGlobalIDString = 49B307C4199CA00800BE9B52;
			remoteInfo = GuessNumber;
		};
/* End PBXContainerItemProxy section */

/* Begin PBXFileReference section */
		49B307C5199CA00800BE9B52 /* GuessNumber.app */ = {isa = PBXFileReference; explicitFileType = wrapper.application; includeInIndex = 0; path = GuessNumber.app; sourceTree = BUILT_PRODUCTS_DIR; };
		49B307C8199CA00800BE9B52 /* Foundation.framework */ = {isa = PBXFileReference; lastKnownFileType = wrapper.framework; name = Foundation.framework; path = System/Library/Frameworks/Foundation.framework; sourceTree = SDKROOT; };
		49B307CA199CA00800BE9B52 /* CoreGraphics.framework */ = {isa = PBXFileReference; lastKnownFileType = wrapper.framework; name = CoreGraphics.framework; path = System/Library/Frameworks/CoreGraphics.framework; sourceTree = SDKROOT; };
		49B307CC199CA00800BE9B52 /* UIKit.framework */ = {isa = PBXFileReference; lastKnownFileType = wrapper.framework; name = UIKit.framework; path = System/Library/Frameworks/UIKit.framework; sourceTree = SDKROOT; };
		49B307D0199CA00800BE9B52 /* GuessNumber-Info.plist */ = {isa = PBXFileReference; lastKnownFileType = text.plist.xml; path = "GuessNumber-Info.plist"; sourceTree = "<group>"; };
		49B307D2199CA00800BE9B52 /* en */ = {isa = PBXFileReference; lastKnownFileType = text.plist.strings; name = en; path = en.lproj/InfoPlist.strings; sourceTree = "<group>"; };
		49B307D4199CA00800BE9B52 /* main.m */ = {isa = PBXFileReference; lastKnownFileType = sourcecode.c.objc; path = main.m; sourceTree = "<group>"; };
		49B307D6199CA00800BE9B52 /* GuessNumber-Prefix.pch */ = {isa = PBXFileReference; lastKnownFileType = sourcecode.c.h; path = "GuessNumber-Prefix.pch"; sourceTree = "<group>"; };
		49B307D7199CA00800BE9B52 /* LJAppDelegate.h */ = {isa = PBXFileReference; lastKnownFileType = sourcecode.c.h; path = LJAppDelegate.h; sourceTree = "<group>"; };
		49B307D8199CA00800BE9B52 /* LJAppDelegate.m */ = {isa = PBXFileReference; lastKnownFileType = sourcecode.c.objc; path = LJAppDelegate.m; sourceTree = "<group>"; };
		49B307DB199CA00800BE9B52 /* Base */ = {isa = PBXFileReference; lastKnownFileType = file.storyboard; name = Base; path = Base.lproj/Main.storyboard; sourceTree = "<group>"; };
		49B307DD199CA00800BE9B52 /* LJViewController.h */ = {isa = PBXFileReference; lastKnownFileType = sourcecode.c.h; path = LJViewController.h; sourceTree = "<group>"; };
		49B307DE199CA00800BE9B52 /* LJViewController.m */ = {isa = PBXFileReference; lastKnownFileType = sourcecode.c.objc; path = LJViewController.m; sourceTree = "<group>"; };
		49B307E0199CA00800BE9B52 /* Images.xcassets */ = {isa = PBXFileReference; lastKnownFileType = folder.assetcatalog; path = Images.xcassets; sourceTree = "<group>"; };
		49B307E6199CA00800BE9B52 /* GuessNumberTests.xctest */ = {isa = PBXFileReference; explicitFileType = wrapper.cfbundle; includeInIndex = 0; path = GuessNumberTests.xctest; sourceTree = BUILT_PRODUCTS_DIR; };
		49B307E7199CA00800BE9B52 /* XCTest.framework */ = {isa = PBXFileReference; lastKnownFileType = wrapper.framework; name = XCTest.framework; path = Library/Frameworks/XCTest.framework; sourceTree = DEVELOPER_DIR; };
		49B307EF199CA00800BE9B52 /* GuessNumberTests-Info.plist */ = {isa = PBXFileReference; lastKnownFileType = text.plist.xml; path = "GuessNumberTests-Info.plist"; sourceTree = "<group>"; };
		49B307F1199CA00800BE9B52 /* en */ = {isa = PBXFileReference; lastKnownFileType = text.plist.strings; name = en; path = en.lproj/InfoPlist.strings; sourceTree = "<group>"; };
		49B307F3199CA00800BE9B52 /* GuessNumberTests.m */ = {isa = PBXFileReference; lastKnownFileType = sourcecode.c.objc; path = GuessNumberTests.m; sourceTree = "<group>"; };
/* End PBXFileReference section */

/* Begin PBXFrameworksBuildPhase section */
		49B307C2199CA00800BE9B52 /* Frameworks */ = {
			isa = PBXFrameworksBuildPhase;
			buildActionMask = 2147483647;
			files = (
				49B307CB199CA00800BE9B52 /* CoreGraphics.framework in Frameworks */,
				49B307CD199CA00800BE9B52 /* UIKit.framework in Frameworks */,
				49B307C9199CA00800BE9B52 /* Foundation.framework in Frameworks */,
			);
			runOnlyForDeploymentPostprocessing = 0;
		};
		49B307E3199CA00800BE9B52 /* Frameworks */ = {
			isa = PBXFrameworksBuildPhase;
			buildActionMask = 2147483647;
			files = (
				49B307E8199CA00800BE9B52 /* XCTest.framework in Frameworks */,
				49B307EA199CA00800BE9B52 /* UIKit.framework in Frameworks */,
				49B307E9199CA00800BE9B52 /* Foundation.framework in Frameworks */,
			);
			runOnlyForDeploymentPostprocessing = 0;
		};
/* End PBXFrameworksBuildPhase section */

/* Begin PBXGroup section */
		49B307BC199CA00800BE9B52 = {
			isa = PBXGroup;
			children = (
				49B307CE199CA00800BE9B52 /* GuessNumber */,
				49B307ED199CA00800BE9B52 /* GuessNumberTests */,
				49B307C7199CA00800BE9B52 /* Frameworks */,
				49B307C6199CA00800BE9B52 /* Products */,
			);
			sourceTree = "<group>";
		};
		49B307C6199CA00800BE9B52 /* Products */ = {
			isa = PBXGroup;
			children = (
				49B307C5199CA00800BE9B52 /* GuessNumber.app */,
				49B307E6199CA00800BE9B52 /* GuessNumberTests.xctest */,
			);
			name = Products;
			sourceTree = "<group>";
		};
		49B307C7199CA00800BE9B52 /* Frameworks */ = {
			isa = PBXGroup;
			children = (
				49B307C8199CA00800BE9B52 /* Foundation.framework */,
				49B307CA199CA00800BE9B52 /* CoreGraphics.framework */,
				49B307CC199CA00800BE9B52 /* UIKit.framework */,
				49B307E7199CA00800BE9B52 /* XCTest.framework */,
			);
			name = Frameworks;
			sourceTree = "<group>";
		};
		49B307CE199CA00800BE9B52 /* GuessNumber */ = {
			isa = PBXGroup;
			children = (
				49B307D7199CA00800BE9B52 /* LJAppDelegate.h */,
				49B307D8199CA00800BE9B52 /* LJAppDelegate.m */,
				49B307DA199CA00800BE9B52 /* Main.storyboard */,
				49B307DD199CA00800BE9B52 /* LJViewController.h */,
				49B307DE199CA00800BE9B52 /* LJViewController.m */,
				49B307E0199CA00800BE9B52 /* Images.xcassets */,
				49B307CF199CA00800BE9B52 /* Supporting Files */,
			);
			path = GuessNumber;
			sourceTree = "<group>";
		};
		49B307CF199CA00800BE9B52 /* Supporting Files */ = {
			isa = PBXGroup;
			children = (
				49B307D0199CA00800BE9B52 /* GuessNumber-Info.plist */,
				49B307D1199CA00800BE9B52 /* InfoPlist.strings */,
				49B307D4199CA00800BE9B52 /* main.m */,
				49B307D6199CA00800BE9B52 /* GuessNumber-Prefix.pch */,
			);
			name = "Supporting Files";
			sourceTree = "<group>";
		};
		49B307ED199CA00800BE9B52 /* GuessNumberTests */ = {
			isa = PBXGroup;
			children = (
				49B307F3199CA00800BE9B52 /* GuessNumberTests.m */,
				49B307EE199CA00800BE9B52 /* Supporting Files */,
			);
			path = GuessNumberTests;
			sourceTree = "<group>";
		};
		49B307EE199CA00800BE9B52 /* Supporting Files */ = {
			isa = PBXGroup;
			children = (
				49B307EF199CA00800BE9B52 /* GuessNumberTests-Info.plist */,
				49B307F0199CA00800BE9B52 /* InfoPlist.strings */,
			);
			name = "Supporting Files";
			sourceTree = "<group>";
		};
/* End PBXGroup section */

/* Begin PBXNativeTarget section */
		49B307C4199CA00800BE9B52 /* GuessNumber */ = {
			isa = PBXNativeTarget;
			buildConfigurationList = 49B307F7199CA00800BE9B52 /* Build configuration list for PBXNativeTarget "GuessNumber" */;
			buildPhases = (
				49B307C1199CA00800BE9B52 /* Sources */,
				49B307C2199CA00800BE9B52 /* Frameworks */,
				49B307C3199CA00800BE9B52 /* Resources */,
			);
			buildRules = (
			);
			dependencies = (
			);
			name = GuessNumber;
			productName = GuessNumber;
			productReference = 49B307C5199CA00800BE9B52 /* GuessNumber.app */;
			productType = "com.apple.product-type.application";
		};
		49B307E5199CA00800BE9B52 /* GuessNumberTests */ = {
			isa = PBXNativeTarget;
			buildConfigurationList = 49B307FA199CA00800BE9B52 /* Build configuration list for PBXNativeTarget "GuessNumberTests" */;
			buildPhases = (
				49B307E2199CA00800BE9B52 /* Sources */,
				49B307E3199CA00800BE9B52 /* Frameworks */,
				49B307E4199CA00800BE9B52 /* Resources */,
			);
			buildRules = (
			);
			dependencies = (
				49B307EC199CA00800BE9B52 /* PBXTargetDependency */,
			);
			name = GuessNumberTests;
			productName = GuessNumberTests;
			productReference = 49B307E6199CA00800BE9B52 /* GuessNumberTests.xctest */;
			productType = "com.apple.product-type.bundle.unit-test";
		};
/* End PBXNativeTarget section */

/* Begin PBXProject section */
		49B307BD199CA00800BE9B52 /* Project object */ = {
			isa = PBXProject;
			attributes = {
				CLASSPREFIX = LJ;
				LastUpgradeCheck = 0510;
				ORGANIZATIONNAME = "Jun Lee";
				TargetAttributes = {
					49B307E5199CA00800BE9B52 = {
						TestTargetID = 49B307C4199CA00800BE9B52;
					};
				};
			};
			buildConfigurationList = 49B307C0199CA00800BE9B52 /* Build configuration list for PBXProject "GuessNumber" */;
			compatibilityVersion = "Xcode 3.2";
			developmentRegion = English;
			hasScannedForEncodings = 0;
			knownRegions = (
				en,
				Base,
			);
			mainGroup = 49B307BC199CA00800BE9B52;
			productRefGroup = 49B307C6199CA00800BE9B52 /* Products */;
			projectDirPath = "";
			projectRoot = "";
			targets = (
				49B307C4199CA00800BE9B52 /* GuessNumber */,
				49B307E5199CA00800BE9B52 /* GuessNumberTests */,
			);
		};
/* End PBXProject section */

/* Begin PBXResourcesBuildPhase section */
		49B307C3199CA00800BE9B52 /* Resources */ = {
			isa = PBXResourcesBuildPhase;
			buildActionMask = 2147483647;
			files = (
				49B307E1199CA00800BE9B52 /* Images.xcassets in Resources */,
				49B307D3199CA00800BE9B52 /* InfoPlist.strings in Resources */,
				49B307DC199CA00800BE9B52 /* Main.storyboard in Resources */,
			);
			runOnlyForDeploymentPostprocessing = 0;
		};
		49B307E4199CA00800BE9B52 /* Resources */ = {
			isa = PBXResourcesBuildPhase;
			buildActionMask = 2147483647;
			files = (
				49B307F2199CA00800BE9B52 /* InfoPlist.strings in Resources */,
			);
			runOnlyForDeploymentPostprocessing = 0;
		};
/* End PBXResourcesBuildPhase section */

/* Begin PBXSourcesBuildPhase section */
		49B307C1199CA00800BE9B52 /* Sources */ = {
			isa = PBXSourcesBuildPhase;
			buildActionMask = 2147483647;
			files = (
				49B307D9199CA00800BE9B52 /* LJAppDelegate.m in Sources */,
				49B307D5199CA00800BE9B52 /* main.m in Sources */,
				49B307DF199CA00800BE9B52 /* LJViewController.m in Sources */,
			);
			runOnlyForDeploymentPostprocessing = 0;
		};
		49B307E2199CA00800BE9B52 /* Sources */ = {
			isa = PBXSourcesBuildPhase;
			buildActionMask = 2147483647;
			files = (
				49B307F4199CA00800BE9B52 /* GuessNumberTests.m in Sources */,
			);
			runOnlyForDeploymentPostprocessing = 0;
		};
/* End PBXSourcesBuildPhase section */

/* Begin PBXTargetDependency section */
		49B307EC199CA00800BE9B52 /* PBXTargetDependency */ = {
			isa = PBXTargetDependency;
			target = 49B307C4199CA00800BE9B52 /* GuessNumber */;
			targetProxy = 49B307EB199CA00800BE9B52 /* PBXContainerItemProxy */;
		};
/* End PBXTargetDependency section */

/* Begin PBXVariantGroup section */
		49B307D1199CA00800BE9B52 /* InfoPlist.strings */ = {
			isa = PBXVariantGroup;
			children = (
				49B307D2199CA00800BE9B52 /* en */,
			);
			name = InfoPlist.strings;
			sourceTree = "<group>";
		};
		49B307DA199CA00800BE9B52 /* Main.storyboard */ = {
			isa = PBXVariantGroup;
			children = (
				49B307DB199CA00800BE9B52 /* Base */,
			);
			name = Main.storyboard;
			sourceTree = "<group>";
		};
		49B307F0199CA00800BE9B52 /* InfoPlist.strings */ = {
			isa = PBXVariantGroup;
			children = (
				49B307F1199CA00800BE9B52 /* en */,
			);
			name = InfoPlist.strings;
			sourceTree = "<group>";
		};
/* End PBXVariantGroup section */

/* Begin XCBuildConfiguration section */
		49B307F5199CA00800BE9B52 /* Debug */ = {
			isa = XCBuildConfiguration;
			buildSettings = {
				ALWAYS_SEARCH_USER_PATHS = NO;
				CLANG_CXX_LANGUAGE_STANDARD = "gnu++0x";
				CLANG_CXX_LIBRARY = "libc++";
				CLANG_ENABLE_MODULES = YES;
				CLANG_ENABLE_OBJC_ARC = YES;
				CLANG_WARN_BOOL_CONVERSION = YES;
				CLANG_WARN_CONSTANT_CONVERSION = YES;
				CLANG_WARN_DIRECT_OBJC_ISA_USAGE = YES_ERROR;
				CLANG_WARN_EMPTY_BODY = YES;
				CLANG_WARN_ENUM_CONVERSION = YES;
				CLANG_WARN_INT_CONVERSION = YES;
				CLANG_WARN_OBJC_ROOT_CLASS = YES_ERROR;
				CLANG_WARN__DUPLICATE_METHOD_MATCH = YES;
				"CODE_SIGN_IDENTITY[sdk=iphoneos*]" = "iPhone Developer";
				COPY_PHASE_STRIP = NO;
				GCC_C_LANGUAGE_STANDARD = gnu99;
				GCC_DYNAMIC_NO_PIC = NO;
				GCC_OPTIMIZATION_LEVEL = 0;
				GCC_PREPROCESSOR_DEFINITIONS = (
					"DEBUG=1",
					"$(inherited)",
				);
				GCC_SYMBOLS_PRIVATE_EXTERN = NO;
				GCC_WARN_64_TO_32_BIT_CONVERSION = YES;
				GCC_WARN_ABOUT_RETURN_TYPE = YES_ERROR;
				GCC_WARN_UNDECLARED_SELECTOR = YES;
				GCC_WARN_UNINITIALIZED_AUTOS = YES_AGGRESSIVE;
				GCC_WARN_UNUSED_FUNCTION = YES;
				GCC_WARN_UNUSED_VARIABLE = YES;
				IPHONEOS_DEPLOYMENT_TARGET = 7.1;
				ONLY_ACTIVE_ARCH = YES;
				SDKROOT = iphoneos;
			};
			name = Debug;
		};
		49B307F6199CA00800BE9B52 /* Release */ = {
			isa = XCBuildConfiguration;
			buildSettings = {
				ALWAYS_SEARCH_USER_PATHS = NO;
				CLANG_CXX_LANGUAGE_STANDARD = "gnu++0x";
				CLANG_CXX_LIBRARY = "libc++";
				CLANG_ENABLE_MODULES = YES;
				CLANG_ENABLE_OBJC_ARC = YES;
				CLANG_WARN_BOOL_CONVERSION = YES;
				CLANG_WARN_CONSTANT_CONVERSION = YES;
				CLANG_WARN_DIRECT_OBJC_ISA_USAGE = YES_ERROR;
				CLANG_WARN_EMPTY_BODY = YES;
				CLANG_WARN_ENUM_CONVERSION = YES;
				CLANG_WARN_INT_CONVERSION = YES;
				CLANG_WARN_OBJC_ROOT_CLASS = YES_ERROR;
				CLANG_WARN__DUPLICATE_METHOD_MATCH = YES;
				"CODE_SIGN_IDENTITY[sdk=iphoneos*]" = "iPhone Developer";
				COPY_PHASE_STRIP = YES;
				ENABLE_NS_ASSERTIONS = NO;
				GCC_C_LANGUAGE_STANDARD = gnu99;
				GCC_WARN_64_TO_32_BIT_CONVERSION = YES;
				GCC_WARN_ABOUT_RETURN_TYPE = YES_ERROR;
				GCC_WARN_UNDECLARED_SELECTOR = YES;
				GCC_WARN_UNINITIALIZED_AUTOS = YES_AGGRESSIVE;
				GCC_WARN_UNUSED_FUNCTION = YES;
				GCC_WARN_UNUSED_VARIABLE = YES;
				IPHONEOS_DEPLOYMENT_TARGET = 7.1;
				SDKROOT = iphoneos;
				VALIDATE_PRODUCT = YES;
			};
			name = Release;
		};
		49B307F8199CA00800BE9B52 /* Debug */ = {
			isa = XCBuildConfiguration;
			buildSettings = {
				ASSETCATALOG_COMPILER_APPICON_NAME = AppIcon;
				ASSETCATALOG_COMPILER_LAUNCHIMAGE_NAME = LaunchImage;
				GCC_PRECOMPILE_PREFIX_HEADER = YES;
				GCC_PREFIX_HEADER = "GuessNumber/GuessNumber-Prefix.pch";
				INFOPLIST_FILE = "GuessNumber/GuessNumber-Info.plist";
				PRODUCT_NAME = "$(TARGET_NAME)";
				WRAPPER_EXTENSION = app;
			};
			name = Debug;
		};
		49B307F9199CA00800BE9B52 /* Release */ = {
			isa = XCBuildConfiguration;
			buildSettings = {
				ASSETCATALOG_COMPILER_APPICON_NAME = AppIcon;
				ASSETCATALOG_COMPILER_LAUNCHIMAGE_NAME = LaunchImage;
				GCC_PRECOMPILE_PREFIX_HEADER = YES;
				GCC_PREFIX_HEADER = "GuessNumber/GuessNumber-Prefix.pch";
				INFOPLIST_FILE = "GuessNumber/GuessNumber-Info.plist";
				PRODUCT_NAME = "$(TARGET_NAME)";
				WRAPPER_EXTENSION = app;
			};
			name = Release;
		};
		49B307FB199CA00800BE9B52 /* Debug */ = {
			isa = XCBuildConfiguration;
			buildSettings = {
				BUNDLE_LOADER = "$(BUILT_PRODUCTS_DIR)/GuessNumber.app/GuessNumber";
				FRAMEWORK_SEARCH_PATHS = (
					"$(SDKROOT)/Developer/Library/Frameworks",
					"$(inherited)",
					"$(DEVELOPER_FRAMEWORKS_DIR)",
				);
				GCC_PRECOMPILE_PREFIX_HEADER = YES;
				GCC_PREFIX_HEADER = "GuessNumber/GuessNumber-Prefix.pch";
				GCC_PREPROCESSOR_DEFINITIONS = (
					"DEBUG=1",
					"$(inherited)",
				);
				INFOPLIST_FILE = "GuessNumberTests/GuessNumberTests-Info.plist";
				PRODUCT_NAME = "$(TARGET_NAME)";
				TEST_HOST = "$(BUNDLE_LOADER)";
				WRAPPER_EXTENSION = xctest;
			};
			name = Debug;
		};
		49B307FC199CA00800BE9B52 /* Release */ = {
			isa = XCBuildConfiguration;
			buildSettings = {
				BUNDLE_LOADER = "$(BUILT_PRODUCTS_DIR)/GuessNumber.app/GuessNumber";
				FRAMEWORK_SEARCH_PATHS = (
					"$(SDKROOT)/Developer/Library/Frameworks",
					"$(inherited)",
					"$(DEVELOPER_FRAMEWORKS_DIR)",
				);
				GCC_PRECOMPILE_PREFIX_HEADER = YES;
				GCC_PREFIX_HEADER = "GuessNumber/GuessNumber-Prefix.pch";
				INFOPLIST_FILE = "GuessNumberTests/GuessNumberTests-Info.plist";
				PRODUCT_NAME = "$(TARGET_NAME)";
				TEST_HOST = "$(BUNDLE_LOADER)";
				WRAPPER_EXTENSION = xctest;
			};
			name = Release;
		};
/* End XCBuildConfiguration section */

/* Begin XCConfigurationList section */
		49B307C0199CA00800BE9B52 /* Build configuration list for PBXProject "GuessNumber" */ = {
			isa = XCConfigurationList;
			buildConfigurations = (
				49B307F5199CA00800BE9B52 /* Debug */,
				49B307F6199CA00800BE9B52 /* Release */,
			);
			defaultConfigurationIsVisible = 0;
			defaultConfigurationName = Release;
		};
		49B307F7199CA00800BE9B52 /* Build configuration list for PBXNativeTarget "GuessNumber" */ = {
			isa = XCConfigurationList;
			buildConfigurations = (
				49B307F8199CA00800BE9B52 /* Debug */,
				49B307F9199CA00800BE9B52 /* Release */,
			);
			defaultConfigurationIsVisible = 0;
		};
		49B307FA199CA00800BE9B52 /* Build configuration list for PBXNativeTarget "GuessNumberTests" */ = {
			isa = XCConfigurationList;
			buildConfigurations = (
				49B307FB199CA00800BE9B52 /* Debug */,
				49B307FC199CA00800BE9B52 /* Release */,
			);
			defaultConfigurationIsVisible = 0;
		};
/* End XCConfigurationList section */
	};
	rootObject = 49B307BD199CA00800BE9B52 /* Project object */;
}
